// !$*UTF8*$!
{
	archiveVersion = 1;
	classes = {
	};
	objectVersion = 46;
	objects = {

/* Begin PBXBuildFile section */
		345C82F41D2173CB00979061 /* main.m in Sources */ = {isa = PBXBuildFile; fileRef = 345C82F31D2173CB00979061 /* main.m */; };
		345C82F71D2173CB00979061 /* AppDelegate.m in Sources */ = {isa = PBXBuildFile; fileRef = 345C82F61D2173CB00979061 /* AppDelegate.m */; };
		345C82FA1D2173CB00979061 /* ViewController.m in Sources */ = {isa = PBXBuildFile; fileRef = 345C82F91D2173CB00979061 /* ViewController.m */; };
		345C82FD1D2173CB00979061 /* Main.storyboard in Resources */ = {isa = PBXBuildFile; fileRef = 345C82FB1D2173CB00979061 /* Main.storyboard */; };
		345C82FF1D2173CB00979061 /* Assets.xcassets in Resources */ = {isa = PBXBuildFile; fileRef = 345C82FE1D2173CB00979061 /* Assets.xcassets */; };
		345C83021D2173CB00979061 /* LaunchScreen.storyboard in Resources */ = {isa = PBXBuildFile; fileRef = 345C83001D2173CB00979061 /* LaunchScreen.storyboard */; };
		345C830D1D2173CB00979061 /* FountDirectTests.m in Sources */ = {isa = PBXBuildFile; fileRef = 345C830C1D2173CB00979061 /* FountDirectTests.m */; };
		345C83181D2173CB00979061 /* FountDirectUITests.m in Sources */ = {isa = PBXBuildFile; fileRef = 345C83171D2173CB00979061 /* FountDirectUITests.m */; };
/* End PBXBuildFile section */

/* Begin PBXContainerItemProxy section */
		345C83091D2173CB00979061 /* PBXContainerItemProxy */ = {
			isa = PBXContainerItemProxy;
			containerPortal = 345C82E71D2173CB00979061 /* Project object */;
			proxyType = 1;
			remoteGlobalIDString = 345C82EE1D2173CB00979061;
			remoteInfo = FountDirect;
		};
		345C83141D2173CB00979061 /* PBXContainerItemProxy */ = {
			isa = PBXContainerItemProxy;
			containerPortal = 345C82E71D2173CB00979061 /* Project object */;
			proxyType = 1;
			remoteGlobalIDString = 345C82EE1D2173CB00979061;
			remoteInfo = FountDirect;
		};
/* End PBXContainerItemProxy section */

/* Begin PBXFileReference section */
		345C82EF1D2173CB00979061 /* FountDirect.app */ = {isa = PBXFileReference; explicitFileType = wrapper.application; includeInIndex = 0; path = FountDirect.app; sourceTree = BUILT_PRODUCTS_DIR; };
		345C82F31D2173CB00979061 /* main.m */ = {isa = PBXFileReference; lastKnownFileType = sourcecode.c.objc; path = main.m; sourceTree = "<group>"; };
		345C82F51D2173CB00979061 /* AppDelegate.h */ = {isa = PBXFileReference; lastKnownFileType = sourcecode.c.h; path = AppDelegate.h; sourceTree = "<group>"; };
		345C82F61D2173CB00979061 /* AppDelegate.m */ = {isa = PBXFileReference; lastKnownFileType = sourcecode.c.objc; path = AppDelegate.m; sourceTree = "<group>"; };
		345C82F81D2173CB00979061 /* ViewController.h */ = {isa = PBXFileReference; lastKnownFileType = sourcecode.c.h; path = ViewController.h; sourceTree = "<group>"; };
		345C82F91D2173CB00979061 /* ViewController.m */ = {isa = PBXFileReference; lastKnownFileType = sourcecode.c.objc; path = ViewController.m; sourceTree = "<group>"; };
		345C82FC1D2173CB00979061 /* Base */ = {isa = PBXFileReference; lastKnownFileType = file.storyboard; name = Base; path = Base.lproj/Main.storyboard; sourceTree = "<group>"; };
		345C82FE1D2173CB00979061 /* Assets.xcassets */ = {isa = PBXFileReference; lastKnownFileType = folder.assetcatalog; path = Assets.xcassets; sourceTree = "<group>"; };
		345C83011D2173CB00979061 /* Base */ = {isa = PBXFileReference; lastKnownFileType = file.storyboard; name = Base; path = Base.lproj/LaunchScreen.storyboard; sourceTree = "<group>"; };
		345C83031D2173CB00979061 /* Info.plist */ = {isa = PBXFileReference; lastKnownFileType = text.plist.xml; path = Info.plist; sourceTree = "<group>"; };
		345C83081D2173CB00979061 /* FountDirectTests.xctest */ = {isa = PBXFileReference; explicitFileType = wrapper.cfbundle; includeInIndex = 0; path = FountDirectTests.xctest; sourceTree = BUILT_PRODUCTS_DIR; };
		345C830C1D2173CB00979061 /* FountDirectTests.m */ = {isa = PBXFileReference; lastKnownFileType = sourcecode.c.objc; path = FountDirectTests.m; sourceTree = "<group>"; };
		345C830E1D2173CB00979061 /* Info.plist */ = {isa = PBXFileReference; lastKnownFileType = text.plist.xml; path = Info.plist; sourceTree = "<group>"; };
		345C83131D2173CB00979061 /* FountDirectUITests.xctest */ = {isa = PBXFileReference; explicitFileType = wrapper.cfbundle; includeInIndex = 0; path = FountDirectUITests.xctest; sourceTree = BUILT_PRODUCTS_DIR; };
		345C83171D2173CB00979061 /* FountDirectUITests.m */ = {isa = PBXFileReference; lastKnownFileType = sourcecode.c.objc; path = FountDirectUITests.m; sourceTree = "<group>"; };
		345C83191D2173CB00979061 /* Info.plist */ = {isa = PBXFileReference; lastKnownFileType = text.plist.xml; path = Info.plist; sourceTree = "<group>"; };
/* End PBXFileReference section */

/* Begin PBXFrameworksBuildPhase section */
		345C82EC1D2173CB00979061 /* Frameworks */ = {
			isa = PBXFrameworksBuildPhase;
			buildActionMask = 2147483647;
			files = (
			);
			runOnlyForDeploymentPostprocessing = 0;
		};
		345C83051D2173CB00979061 /* Frameworks */ = {
			isa = PBXFrameworksBuildPhase;
			buildActionMask = 2147483647;
			files = (
			);
			runOnlyForDeploymentPostprocessing = 0;
		};
		345C83101D2173CB00979061 /* Frameworks */ = {
			isa = PBXFrameworksBuildPhase;
			buildActionMask = 2147483647;
			files = (
			);
			runOnlyForDeploymentPostprocessing = 0;
		};
/* End PBXFrameworksBuildPhase section */

/* Begin PBXGroup section */
		345C82E61D2173CB00979061 = {
			isa = PBXGroup;
			children = (
				345C82F11D2173CB00979061 /* FountDirect */,
				345C830B1D2173CB00979061 /* FountDirectTests */,
				345C83161D2173CB00979061 /* FountDirectUITests */,
				345C82F01D2173CB00979061 /* Products */,
			);
			sourceTree = "<group>";
		};
		345C82F01D2173CB00979061 /* Products */ = {
			isa = PBXGroup;
			children = (
				345C82EF1D2173CB00979061 /* FountDirect.app */,
				345C83081D2173CB00979061 /* FountDirectTests.xctest */,
				345C83131D2173CB00979061 /* FountDirectUITests.xctest */,
			);
			name = Products;
			sourceTree = "<group>";
		};
		345C82F11D2173CB00979061 /* FountDirect */ = {
			isa = PBXGroup;
			children = (
				345C82F51D2173CB00979061 /* AppDelegate.h */,
				345C82F61D2173CB00979061 /* AppDelegate.m */,
				345C82F81D2173CB00979061 /* ViewController.h */,
				345C82F91D2173CB00979061 /* ViewController.m */,
				345C82FB1D2173CB00979061 /* Main.storyboard */,
				345C82FE1D2173CB00979061 /* Assets.xcassets */,
				345C83001D2173CB00979061 /* LaunchScreen.storyboard */,
				345C83031D2173CB00979061 /* Info.plist */,
				345C82F21D2173CB00979061 /* Supporting Files */,
			);
			path = FountDirect;
			sourceTree = "<group>";
		};
		345C82F21D2173CB00979061 /* Supporting Files */ = {
			isa = PBXGroup;
			children = (
				345C82F31D2173CB00979061 /* main.m */,
			);
			name = "Supporting Files";
			sourceTree = "<group>";
		};
		345C830B1D2173CB00979061 /* FountDirectTests */ = {
			isa = PBXGroup;
			children = (
				345C830C1D2173CB00979061 /* FountDirectTests.m */,
				345C830E1D2173CB00979061 /* Info.plist */,
			);
			path = FountDirectTests;
			sourceTree = "<group>";
		};
		345C83161D2173CB00979061 /* FountDirectUITests */ = {
			isa = PBXGroup;
			children = (
				345C83171D2173CB00979061 /* FountDirectUITests.m */,
				345C83191D2173CB00979061 /* Info.plist */,
			);
			path = FountDirectUITests;
			sourceTree = "<group>";
		};
/* End PBXGroup section */

/* Begin PBXNativeTarget section */
		345C82EE1D2173CB00979061 /* FountDirect */ = {
			isa = PBXNativeTarget;
			buildConfigurationList = 345C831C1D2173CB00979061 /* Build configuration list for PBXNativeTarget "FountDirect" */;
			buildPhases = (
				345C82EB1D2173CB00979061 /* Sources */,
				345C82EC1D2173CB00979061 /* Frameworks */,
				345C82ED1D2173CB00979061 /* Resources */,
			);
			buildRules = (
			);
			dependencies = (
			);
			name = FountDirect;
			productName = FountDirect;
			productReference = 345C82EF1D2173CB00979061 /* FountDirect.app */;
			productType = "com.apple.product-type.application";
		};
		345C83071D2173CB00979061 /* FountDirectTests */ = {
			isa = PBXNativeTarget;
			buildConfigurationList = 345C831F1D2173CB00979061 /* Build configuration list for PBXNativeTarget "FountDirectTests" */;
			buildPhases = (
				345C83041D2173CB00979061 /* Sources */,
				345C83051D2173CB00979061 /* Frameworks */,
				345C83061D2173CB00979061 /* Resources */,
			);
			buildRules = (
			);
			dependencies = (
				345C830A1D2173CB00979061 /* PBXTargetDependency */,
			);
			name = FountDirectTests;
			productName = FountDirectTests;
			productReference = 345C83081D2173CB00979061 /* FountDirectTests.xctest */;
			productType = "com.apple.product-type.bundle.unit-test";
		};
		345C83121D2173CB00979061 /* FountDirectUITests */ = {
			isa = PBXNativeTarget;
			buildConfigurationList = 345C83221D2173CB00979061 /* Build configuration list for PBXNativeTarget "FountDirectUITests" */;
			buildPhases = (
				345C830F1D2173CB00979061 /* Sources */,
				345C83101D2173CB00979061 /* Frameworks */,
				345C83111D2173CB00979061 /* Resources */,
			);
			buildRules = (
			);
			dependencies = (
				345C83151D2173CB00979061 /* PBXTargetDependency */,
			);
			name = FountDirectUITests;
			productName = FountDirectUITests;
			productReference = 345C83131D2173CB00979061 /* FountDirectUITests.xctest */;
			productType = "com.apple.product-type.bundle.ui-testing";
		};
/* End PBXNativeTarget section */

/* Begin PBXProject section */
		345C82E71D2173CB00979061 /* Project object */ = {
			isa = PBXProject;
			attributes = {
				LastUpgradeCheck = 0730;
				ORGANIZATIONNAME = Syw;
				TargetAttributes = {
					345C82EE1D2173CB00979061 = {
						CreatedOnToolsVersion = 7.3.1;
					};
					345C83071D2173CB00979061 = {
						CreatedOnToolsVersion = 7.3.1;
						TestTargetID = 345C82EE1D2173CB00979061;
					};
					345C83121D2173CB00979061 = {
						CreatedOnToolsVersion = 7.3.1;
						TestTargetID = 345C82EE1D2173CB00979061;
					};
				};
			};
			buildConfigurationList = 345C82EA1D2173CB00979061 /* Build configuration list for PBXProject "FountDirect" */;
			compatibilityVersion = "Xcode 3.2";
			developmentRegion = English;
			hasScannedForEncodings = 0;
			knownRegions = (
				en,
				Base,
			);
			mainGroup = 345C82E61D2173CB00979061;
			productRefGroup = 345C82F01D2173CB00979061 /* Products */;
			projectDirPath = "";
			projectRoot = "";
			targets = (
				345C82EE1D2173CB00979061 /* FountDirect */,
				345C83071D2173CB00979061 /* FountDirectTests */,
				345C83121D2173CB00979061 /* FountDirectUITests */,
			);
		};
/* End PBXProject section */

/* Begin PBXResourcesBuildPhase section */
		345C82ED1D2173CB00979061 /* Resources */ = {
			isa = PBXResourcesBuildPhase;
			buildActionMask = 2147483647;
			files = (
				345C83021D2173CB00979061 /* LaunchScreen.storyboard in Resources */,
				345C82FF1D2173CB00979061 /* Assets.xcassets in Resources */,
				345C82FD1D2173CB00979061 /* Main.storyboard in Resources */,
			);
			runOnlyForDeploymentPostprocessing = 0;
		};
		345C83061D2173CB00979061 /* Resources */ = {
			isa = PBXResourcesBuildPhase;
			buildActionMask = 2147483647;
			files = (
			);
			runOnlyForDeploymentPostprocessing = 0;
		};
		345C83111D2173CB00979061 /* Resources */ = {
			isa = PBXResourcesBuildPhase;
			buildActionMask = 2147483647;
			files = (
			);
			runOnlyForDeploymentPostprocessing = 0;
		};
/* End PBXResourcesBuildPhase section */

/* Begin PBXSourcesBuildPhase section */
		345C82EB1D2173CB00979061 /* Sources */ = {
			isa = PBXSourcesBuildPhase;
			buildActionMask = 2147483647;
			files = (
				345C82FA1D2173CB00979061 /* ViewController.m in Sources */,
				345C82F71D2173CB00979061 /* AppDelegate.m in Sources */,
				345C82F41D2173CB00979061 /* main.m in Sources */,
			);
			runOnlyForDeploymentPostprocessing = 0;
		};
		345C83041D2173CB00979061 /* Sources */ = {
			isa = PBXSourcesBuildPhase;
			buildActionMask = 2147483647;
			files = (
				345C830D1D2173CB00979061 /* FountDirectTests.m in Sources */,
			);
			runOnlyForDeploymentPostprocessing = 0;
		};
		345C830F1D2173CB00979061 /* Sources */ = {
			isa = PBXSourcesBuildPhase;
			buildActionMask = 2147483647;
			files = (
				345C83181D2173CB00979061 /* FountDirectUITests.m in Sources */,
			);
			runOnlyForDeploymentPostprocessing = 0;
		};
/* End PBXSourcesBuildPhase section */

/* Begin PBXTargetDependency section */
		345C830A1D2173CB00979061 /* PBXTargetDependency */ = {
			isa = PBXTargetDependency;
			target = 345C82EE1D2173CB00979061 /* FountDirect */;
			targetProxy = 345C83091D2173CB00979061 /* PBXContainerItemProxy */;
		};
		345C83151D2173CB00979061 /* PBXTargetDependency */ = {
			isa = PBXTargetDependency;
			target = 345C82EE1D2173CB00979061 /* FountDirect */;
			targetProxy = 345C83141D2173CB00979061 /* PBXContainerItemProxy */;
		};
/* End PBXTargetDependency section */

/* Begin PBXVariantGroup section */
		345C82FB1D2173CB00979061 /* Main.storyboard */ = {
			isa = PBXVariantGroup;
			children = (
				345C82FC1D2173CB00979061 /* Base */,
			);
			name = Main.storyboard;
			sourceTree = "<group>";
		};
		345C83001D2173CB00979061 /* LaunchScreen.storyboard */ = {
			isa = PBXVariantGroup;
			children = (
				345C83011D2173CB00979061 /* Base */,
			);
			name = LaunchScreen.storyboard;
			sourceTree = "<group>";
		};
/* End PBXVariantGroup section */

/* Begin XCBuildConfiguration section */
		345C831A1D2173CB00979061 /* Debug */ = {
			isa = XCBuildConfiguration;
			buildSettings = {
				ALWAYS_SEARCH_USER_PATHS = NO;
				CLANG_ANALYZER_NONNULL = YES;
				CLANG_CXX_LANGUAGE_STANDARD = "gnu++0x";
				CLANG_CXX_LIBRARY = "libc++";
				CLANG_ENABLE_MODULES = YES;
				CLANG_ENABLE_OBJC_ARC = YES;
				CLANG_WARN_BOOL_CONVERSION = YES;
				CLANG_WARN_CONSTANT_CONVERSION = YES;
				CLANG_WARN_DIRECT_OBJC_ISA_USAGE = YES_ERROR;
				CLANG_WARN_EMPTY_BODY = YES;
				CLANG_WARN_ENUM_CONVERSION = YES;
				CLANG_WARN_INT_CONVERSION = YES;
				CLANG_WARN_OBJC_ROOT_CLASS = YES_ERROR;
				CLANG_WARN_UNREACHABLE_CODE = YES;
				CLANG_WARN__DUPLICATE_METHOD_MATCH = YES;
				"CODE_SIGN_IDENTITY[sdk=iphoneos*]" = "iPhone Developer";
				COPY_PHASE_STRIP = NO;
				DEBUG_INFORMATION_FORMAT = dwarf;
				ENABLE_STRICT_OBJC_MSGSEND = YES;
				ENABLE_TESTABILITY = YES;
				GCC_C_LANGUAGE_STANDARD = gnu99;
				GCC_DYNAMIC_NO_PIC = NO;
				GCC_NO_COMMON_BLOCKS = YES;
				GCC_OPTIMIZATION_LEVEL = 0;
				GCC_PREPROCESSOR_DEFINITIONS = (
					"DEBUG=1",
					"$(inherited)",
				);
				GCC_WARN_64_TO_32_BIT_CONVERSION = YES;
				GCC_WARN_ABOUT_RETURN_TYPE = YES_ERROR;
				GCC_WARN_UNDECLARED_SELECTOR = YES;
				GCC_WARN_UNINITIALIZED_AUTOS = YES_AGGRESSIVE;
				GCC_WARN_UNUSED_FUNCTION = YES;
				GCC_WARN_UNUSED_VARIABLE = YES;
				IPHONEOS_DEPLOYMENT_TARGET = 9.3;
				MTL_ENABLE_DEBUG_INFO = YES;
				ONLY_ACTIVE_ARCH = YES;
				SDKROOT = iphoneos;
			};
			name = Debug;
		};
		345C831B1D2173CB00979061 /* Release */ = {
			isa = XCBuildConfiguration;
			buildSettings = {
				ALWAYS_SEARCH_USER_PATHS = NO;
				CLANG_ANALYZER_NONNULL = YES;
				CLANG_CXX_LANGUAGE_STANDARD = "gnu++0x";
				CLANG_CXX_LIBRARY = "libc++";
				CLANG_ENABLE_MODULES = YES;
				CLANG_ENABLE_OBJC_ARC = YES;
				CLANG_WARN_BOOL_CONVERSION = YES;
				CLANG_WARN_CONSTANT_CONVERSION = YES;
				CLANG_WARN_DIRECT_OBJC_ISA_USAGE = YES_ERROR;
				CLANG_WARN_EMPTY_BODY = YES;
				CLANG_WARN_ENUM_CONVERSION = YES;
				CLANG_WARN_INT_CONVERSION = YES;
				CLANG_WARN_OBJC_ROOT_CLASS = YES_ERROR;
				CLANG_WARN_UNREACHABLE_CODE = YES;
				CLANG_WARN__DUPLICATE_METHOD_MATCH = YES;
				"CODE_SIGN_IDENTITY[sdk=iphoneos*]" = "iPhone Developer";
				COPY_PHASE_STRIP = NO;
				DEBUG_INFORMATION_FORMAT = "dwarf-with-dsym";
				ENABLE_NS_ASSERTIONS = NO;
				ENABLE_STRICT_OBJC_MSGSEND = YES;
				GCC_C_LANGUAGE_STANDARD = gnu99;
				GCC_NO_COMMON_BLOCKS = YES;
				GCC_WARN_64_TO_32_BIT_CONVERSION = YES;
				GCC_WARN_ABOUT_RETURN_TYPE = YES_ERROR;
				GCC_WARN_UNDECLARED_SELECTOR = YES;
				GCC_WARN_UNINITIALIZED_AUTOS = YES_AGGRESSIVE;
				GCC_WARN_UNUSED_FUNCTION = YES;
				GCC_WARN_UNUSED_VARIABLE = YES;
				IPHONEOS_DEPLOYMENT_TARGET = 9.3;
				MTL_ENABLE_DEBUG_INFO = NO;
				SDKROOT = iphoneos;
				VALIDATE_PRODUCT = YES;
			};
			name = Release;
		};
		345C831D1D2173CB00979061 /* Debug */ = {
			isa = XCBuildConfiguration;
			buildSettings = {
				ASSETCATALOG_COMPILER_APPICON_NAME = AppIcon;
				INFOPLIST_FILE = FountDirect/Info.plist;
				LD_RUNPATH_SEARCH_PATHS = "$(inherited) @executable_path/Frameworks";
				PRODUCT_BUNDLE_IDENTIFIER = com.syw.FountDirect;
				PRODUCT_NAME = "$(TARGET_NAME)";
			};
			name = Debug;
		};
		345C831E1D2173CB00979061 /* Release */ = {
			isa = XCBuildConfiguration;
			buildSettings = {
				ASSETCATALOG_COMPILER_APPICON_NAME = AppIcon;
				INFOPLIST_FILE = FountDirect/Info.plist;
				LD_RUNPATH_SEARCH_PATHS = "$(inherited) @executable_path/Frameworks";
				PRODUCT_BUNDLE_IDENTIFIER = com.syw.FountDirect;
				PRODUCT_NAME = "$(TARGET_NAME)";
			};
			name = Release;
		};
		345C83201D2173CB00979061 /* Debug */ = {
			isa = XCBuildConfiguration;
			buildSettings = {
				BUNDLE_LOADER = "$(TEST_HOST)";
				INFOPLIST_FILE = FountDirectTests/Info.plist;
				LD_RUNPATH_SEARCH_PATHS = "$(inherited) @executable_path/Frameworks @loader_path/Frameworks";
				PRODUCT_BUNDLE_IDENTIFIER = com.syw.FountDirectTests;
				PRODUCT_NAME = "$(TARGET_NAME)";
				TEST_HOST = "$(BUILT_PRODUCTS_DIR)/FountDirect.app/FountDirect";
			};
			name = Debug;
		};
		345C83211D2173CB00979061 /* Release */ = {
			isa = XCBuildConfiguration;
			buildSettings = {
				BUNDLE_LOADER = "$(TEST_HOST)";
				INFOPLIST_FILE = FountDirectTests/Info.plist;
				LD_RUNPATH_SEARCH_PATHS = "$(inherited) @executable_path/Frameworks @loader_path/Frameworks";
				PRODUCT_BUNDLE_IDENTIFIER = com.syw.FountDirectTests;
				PRODUCT_NAME = "$(TARGET_NAME)";
				TEST_HOST = "$(BUILT_PRODUCTS_DIR)/FountDirect.app/FountDirect";
			};
			name = Release;
		};
		345C83231D2173CB00979061 /* Debug */ = {
			isa = XCBuildConfiguration;
			buildSettings = {
				INFOPLIST_FILE = FountDirectUITests/Info.plist;
				LD_RUNPATH_SEARCH_PATHS = "$(inherited) @executable_path/Frameworks @loader_path/Frameworks";
				PRODUCT_BUNDLE_IDENTIFIER = com.syw.FountDirectUITests;
				PRODUCT_NAME = "$(TARGET_NAME)";
				TEST_TARGET_NAME = FountDirect;
			};
			name = Debug;
		};
		345C83241D2173CB00979061 /* Release */ = {
			isa = XCBuildConfiguration;
			buildSettings = {
				INFOPLIST_FILE = FountDirectUITests/Info.plist;
				LD_RUNPATH_SEARCH_PATHS = "$(inherited) @executable_path/Frameworks @loader_path/Frameworks";
				PRODUCT_BUNDLE_IDENTIFIER = com.syw.FountDirectUITests;
				PRODUCT_NAME = "$(TARGET_NAME)";
				TEST_TARGET_NAME = FountDirect;
			};
			name = Release;
		};
/* End XCBuildConfiguration section */

/* Begin XCConfigurationList section */
		345C82EA1D2173CB00979061 /* Build configuration list for PBXProject "FountDirect" */ = {
			isa = XCConfigurationList;
			buildConfigurations = (
				345C831A1D2173CB00979061 /* Debug */,
				345C831B1D2173CB00979061 /* Release */,
			);
			defaultConfigurationIsVisible = 0;
			defaultConfigurationName = Release;
		};
		345C831C1D2173CB00979061 /* Build configuration list for PBXNativeTarget "FountDirect" */ = {
			isa = XCConfigurationList;
			buildConfigurations = (
				345C831D1D2173CB00979061 /* Debug */,
				345C831E1D2173CB00979061 /* Release */,
			);
			defaultConfigurationIsVisible = 0;
		};
		345C831F1D2173CB00979061 /* Build configuration list for PBXNativeTarget "FountDirectTests" */ = {
			isa = XCConfigurationList;
			buildConfigurations = (
				345C83201D2173CB00979061 /* Debug */,
				345C83211D2173CB00979061 /* Release */,
			);
			defaultConfigurationIsVisible = 0;
		};
		345C83221D2173CB00979061 /* Build configuration list for PBXNativeTarget "FountDirectUITests" */ = {
			isa = XCConfigurationList;
			buildConfigurations = (
				345C83231D2173CB00979061 /* Debug */,
				345C83241D2173CB00979061 /* Release */,
			);
			defaultConfigurationIsVisible = 0;
		};
/* End XCConfigurationList section */
	};
	rootObject = 345C82E71D2173CB00979061 /* Project object */;
}
